
Microsoft Visual Studio Solution File, Format Version 12.00
# Visual Studio Version 17
VisualStudioVersion = 17.8.34525.116
MinimumVisualStudioVersion = 10.0.40219.1
Project("{FAE04EC0-301F-11D3-BF4B-00C04F79EFBC}") = "Item And Location Data V1", "Item And Location Data V1\Item And Location Data V1.csproj", "{7AF55ED6-E8EB-4A43-9A63-4C1654D96E56}"
EndProject
Global
	GlobalSection(SolutionConfigurationPlatforms) = preSolution
		Debug|Any CPU = Debug|Any CPU
		Release|Any CPU = Release|Any CPU
	EndGlobalSection
	GlobalSection(ProjectConfigurationPlatforms) = postSolution
		{7AF55ED6-E8EB-4A43-9A63-4C1654D96E56}.Debug|Any CPU.ActiveCfg = Debug|Any CPU
		{7AF55ED6-E8EB-4A43-9A63-4C1654D96E56}.Debug|Any CPU.Build.0 = Debug|Any CPU
		{7AF55ED6-E8EB-4A43-9A63-4C1654D96E56}.Release|Any CPU.ActiveCfg = Release|Any CPU
		{7AF55ED6-E8EB-4A43-9A63-4C1654D96E56}.Release|Any CPU.Build.0 = Release|Any CPU
	EndGlobalSection
	GlobalSection(SolutionProperties) = preSolution
		HideSolutionNode = FALSE
	EndGlobalSection
	GlobalSection(ExtensibilityGlobals) = postSolution
		SolutionGuid = {60A9D0F4-FF25-4EBC-8744-9E202A6C1298}
	EndGlobalSection
EndGlobal
